
Microsoft Visual Studio Solution File, Format Version 12.00
# Visual Studio Version 16
VisualStudioVersion = 16.0.30717.126
MinimumVisualStudioVersion = 10.0.40219.1
Project("{FAE04EC0-301F-11D3-BF4B-00C04F79EFBC}") = "Pirlogeanu_AlexandruGabriel_Proiect", "Pirlogeanu_AlexandruGabriel_Proiect.csproj", "{13AEDBEE-B044-4FC5-B328-D228945785A7}"
EndProject
Project("{FAE04EC0-301F-11D3-BF4B-00C04F79EFBC}") = "RestaurantModel", "..\RestaurantModel\RestaurantModel.csproj", "{F2C607CE-70B7-44C8-A04B-E90A499113E4}"
EndProject
Global
	GlobalSection(SolutionConfigurationPlatforms) = preSolution
		Debug|Any CPU = Debug|Any CPU
		Release|Any CPU = Release|Any CPU
	EndGlobalSection
	GlobalSection(ProjectConfigurationPlatforms) = postSolution
		{13AEDBEE-B044-4FC5-B328-D228945785A7}.Debug|Any CPU.ActiveCfg = Debug|Any CPU
		{13AEDBEE-B044-4FC5-B328-D228945785A7}.Debug|Any CPU.Build.0 = Debug|Any CPU
		{13AEDBEE-B044-4FC5-B328-D228945785A7}.Release|Any CPU.ActiveCfg = Release|Any CPU
		{13AEDBEE-B044-4FC5-B328-D228945785A7}.Release|Any CPU.Build.0 = Release|Any CPU
		{F2C607CE-70B7-44C8-A04B-E90A499113E4}.Debug|Any CPU.ActiveCfg = Debug|Any CPU
		{F2C607CE-70B7-44C8-A04B-E90A499113E4}.Debug|Any CPU.Build.0 = Debug|Any CPU
		{F2C607CE-70B7-44C8-A04B-E90A499113E4}.Release|Any CPU.ActiveCfg = Release|Any CPU
		{F2C607CE-70B7-44C8-A04B-E90A499113E4}.Release|Any CPU.Build.0 = Release|Any CPU
	EndGlobalSection
	GlobalSection(SolutionProperties) = preSolution
		HideSolutionNode = FALSE
	EndGlobalSection
	GlobalSection(ExtensibilityGlobals) = postSolution
		SolutionGuid = {9D23CE1D-5743-4994-ABD7-2C20819DB24F}
	EndGlobalSection
EndGlobal
